<?xml version="1.0" encoding="utf-8"?>
<Project ToolsVersion="4.0" xmlns="http://schemas.microsoft.com/developer/msbuild/2003">
  <ItemGroup>
    <Filter Include="Source Files">
      <UniqueIdentifier>{4FC737F1-C7A5-4376-A066-2A32D752A2FF}</UniqueIdentifier>
      <Extensions>cpp;c;cc;cxx;def;odl;idl;hpj;bat;asm;asmx</Extensions>
    </Filter>
    <Filter Include="Header Files">
      <UniqueIdentifier>{93995380-89BD-4b04-88EB-625FBE52EBFB}</UniqueIdentifier>
      <Extensions>h;hh;hpp;hxx;hm;inl;inc;xsd</Extensions>
    </Filter>
    <Filter Include="Resource Files">
      <UniqueIdentifier>{67DA6AB6-F800-4c08-8B7A-83BB121AAD01}</UniqueIdentifier>
      <Extensions>rc;ico;cur;bmp;dlg;rc2;rct;bin;rgs;gif;jpg;jpeg;jpe;resx;tiff;tif;png;wav;mfcribbon-ms</Extensions>
    </Filter>
  </ItemGroup>
  <ItemGroup>
    <Text Include="ReadMe.txt" />
  </ItemGroup>
  <ItemGroup>
    <ClInclude Include="stdafx.h">
      <Filter>Header Files</Filter>
    </ClInclude>
    <ClInclude Include="targetver.h">
      <Filter>Header Files</Filter>
    </ClInclude>
    <ClInclude Include="Include\PlanarSurfelDetector.h">
      <Filter>Header Files</Filter>
    </ClInclude>
    <ClInclude Include="Include\Mesh.h">
      <Filter>Header Files</Filter>
    </ClInclude>
    <ClInclude Include="Include\Graph.h">
      <Filter>Header Files</Filter>
    </ClInclude>
    <ClInclude Include="Include\Visualizer.h">
      <Filter>Header Files</Filter>
    </ClInclude>
    <ClInclude Include="Include\SurfelGraph.h">
      <Filter>Header Files</Filter>
    </ClInclude>
    <ClInclude Include="Include\Util.h">
      <Filter>Header Files</Filter>
    </ClInclude>
    <ClInclude Include="Include\PolygonGraph.h">
      <Filter>Header Files</Filter>
    </ClInclude>
    <ClInclude Include="Include\SceneSegFile.hpp">
      <Filter>Header Files</Filter>
    </ClInclude>
    <ClInclude Include="Include\ObjectGraph.h">
      <Filter>Header Files</Filter>
    </ClInclude>
    <ClInclude Include="Include\SVMClassifier.h">
      <Filter>Header Files</Filter>
    </ClInclude>
    <ClInclude Include="Include\Figure.h">
      <Filter>Header Files</Filter>
    </ClInclude>
    <ClInclude Include="Include\DisplayVector.h">
      <Filter>Header Files</Filter>
    </ClInclude>
    <ClInclude Include="Include\VertexGraph.h">
      <Filter>Header Files</Filter>
    </ClInclude>
    <ClInclude Include="Include\Space3DGrid.h">
      <Filter>Header Files</Filter>
    </ClInclude>
    <ClInclude Include="Include\MarchingCubes.h">
      <Filter>Header Files</Filter>
    </ClInclude>
    <ClInclude Include="Include\RVLAstra.h">
      <Filter>Header Files</Filter>
    </ClInclude>
    <ClInclude Include="RVLRANSACPlaneDetection.h">
      <Filter>Header Files</Filter>
    </ClInclude>
    <ClInclude Include="Include\Gripper.h">
      <Filter>Header Files</Filter>
    </ClInclude>
    <ClInclude Include="Include\MSTree.h">
      <Filter>Header Files</Filter>
    </ClInclude>
    <ClInclude Include="Include\NeighborhoodTool.h">
      <Filter>Header Files</Filter>
    </ClInclude>
  </ItemGroup>
  <ItemGroup>
    <ClCompile Include="stdafx.cpp">
      <Filter>Source Files</Filter>
    </ClCompile>
    <ClCompile Include="PlanarSurfelDetector.cpp">
      <Filter>Source Files</Filter>
    </ClCompile>
    <ClCompile Include="Mesh.cpp">
      <Filter>Source Files</Filter>
    </ClCompile>
    <ClCompile Include="Graph.cpp">
      <Filter>Source Files</Filter>
    </ClCompile>
    <ClCompile Include="Visualizer.cpp">
      <Filter>Source Files</Filter>
    </ClCompile>
    <ClCompile Include="SurfelGraph.cpp">
      <Filter>Source Files</Filter>
    </ClCompile>
    <ClCompile Include="Util.cpp">
      <Filter>Source Files</Filter>
    </ClCompile>
    <ClCompile Include="PolygonGraph.cpp">
      <Filter>Source Files</Filter>
    </ClCompile>
    <ClCompile Include="SceneSegFile.cpp">
      <Filter>Source Files</Filter>
    </ClCompile>
    <ClCompile Include="ObjectGraph.cpp">
      <Filter>Source Files</Filter>
    </ClCompile>
    <ClCompile Include="SVMClassifier.cpp">
      <Filter>Source Files</Filter>
    </ClCompile>
    <ClCompile Include="Figure.cpp">
      <Filter>Source Files</Filter>
    </ClCompile>
    <ClCompile Include="DisplayVector.cpp">
      <Filter>Source Files</Filter>
    </ClCompile>
    <ClCompile Include="VertexGraph.cpp">
      <Filter>Source Files</Filter>
    </ClCompile>
    <ClCompile Include="MarchingCubes.cpp">
      <Filter>Source Files</Filter>
    </ClCompile>
    <ClCompile Include="RVLAstra.cpp">
      <Filter>Source Files</Filter>
    </ClCompile>
    <ClCompile Include="RVLRANSACPlaneDetection.cpp">
      <Filter>Source Files</Filter>
    </ClCompile>
    <ClCompile Include="Gripper.cpp">
      <Filter>Source Files</Filter>
    </ClCompile>
    <ClCompile Include="MSTree.cpp">
      <Filter>Source Files</Filter>
    </ClCompile>
    <ClCompile Include="NeighborhoodTool.cpp">
      <Filter>Source Files</Filter>
    </ClCompile>
  </ItemGroup>
</Project>