<?xml version="1.0" encoding="utf-8"?>
<Project ToolsVersion="4.0" xmlns="http://schemas.microsoft.com/developer/msbuild/2003">
  <ItemGroup>
    <Filter Include="Source Files">
      <UniqueIdentifier>{4FC737F1-C7A5-4376-A066-2A32D752A2FF}</UniqueIdentifier>
      <Extensions>cpp;c;cc;cxx;def;odl;idl;hpj;bat;asm;asmx</Extensions>
    </Filter>
    <Filter Include="Header Files">
      <UniqueIdentifier>{93995380-89BD-4b04-88EB-625FBE52EBFB}</UniqueIdentifier>
      <Extensions>h;hpp;hxx;hm;inl;inc;xsd</Extensions>
    </Filter>
    <Filter Include="Resource Files">
      <UniqueIdentifier>{67DA6AB6-F800-4c08-8B7A-83BB121AAD01}</UniqueIdentifier>
      <Extensions>rc;ico;cur;bmp;dlg;rc2;rct;bin;rgs;gif;jpg;jpeg;jpe;resx;tiff;tif;png;wav</Extensions>
    </Filter>
  </ItemGroup>
  <ItemGroup>
    <ClCompile Include="RVL2DCellArray.cpp">
      <Filter>Source Files</Filter>
    </ClCompile>
    <ClCompile Include="RVL2DContour.cpp">
      <Filter>Source Files</Filter>
    </ClCompile>
    <ClCompile Include="RVL2DLine2.cpp">
      <Filter>Source Files</Filter>
    </ClCompile>
    <ClCompile Include="RVL2DLine3.cpp">
      <Filter>Source Files</Filter>
    </ClCompile>
    <ClCompile Include="RVL2DObject.cpp">
      <Filter>Source Files</Filter>
    </ClCompile>
    <ClCompile Include="RVL2DPose.cpp">
      <Filter>Source Files</Filter>
    </ClCompile>
    <ClCompile Include="RVL2DRegion2.cpp">
      <Filter>Source Files</Filter>
    </ClCompile>
    <ClCompile Include="RVL3DContour.cpp">
      <Filter>Source Files</Filter>
    </ClCompile>
    <ClCompile Include="RVL3DLine2.cpp">
      <Filter>Source Files</Filter>
    </ClCompile>
    <ClCompile Include="RVL3DMeshObject.cpp">
      <Filter>Source Files</Filter>
    </ClCompile>
    <ClCompile Include="RVL3DObject.cpp">
      <Filter>Source Files</Filter>
    </ClCompile>
    <ClCompile Include="RVL3DPose.cpp">
      <Filter>Source Files</Filter>
    </ClCompile>
    <ClCompile Include="RVL3DSurface2.cpp">
      <Filter>Source Files</Filter>
    </ClCompile>
    <ClCompile Include="RVLAImage.cpp">
      <Filter>Source Files</Filter>
    </ClCompile>
    <ClCompile Include="RVLBuffer.cpp">
      <Filter>Source Files</Filter>
    </ClCompile>
    <ClCompile Include="RVLC2D.cpp">
      <Filter>Source Files</Filter>
    </ClCompile>
    <ClCompile Include="RVLC2DContour.cpp">
      <Filter>Source Files</Filter>
    </ClCompile>
    <ClCompile Include="RVLCamera.cpp">
      <Filter>Source Files</Filter>
    </ClCompile>
    <ClCompile Include="RVLChain.cpp">
      <Filter>Source Files</Filter>
    </ClCompile>
    <ClCompile Include="RVLClass.cpp">
      <Filter>Source Files</Filter>
    </ClCompile>
    <ClCompile Include="RVLDelaunay.cpp">
      <Filter>Source Files</Filter>
    </ClCompile>
    <ClCompile Include="RVLDisplayVector.cpp">
      <Filter>Source Files</Filter>
    </ClCompile>
    <ClCompile Include="RVLEDT.cpp">
      <Filter>Source Files</Filter>
    </ClCompile>
    <ClCompile Include="RVLFigure.cpp">
      <Filter>Source Files</Filter>
    </ClCompile>
    <ClCompile Include="RVLGUI.cpp">
      <Filter>Source Files</Filter>
    </ClCompile>
    <ClCompile Include="RVLHistogram.cpp">
      <Filter>Source Files</Filter>
    </ClCompile>
    <ClCompile Include="RVLKinect.cpp">
      <Filter>Source Files</Filter>
    </ClCompile>
    <ClCompile Include="RVLMChain.cpp">
      <Filter>Source Files</Filter>
    </ClCompile>
    <ClCompile Include="RVLMChain2.cpp">
      <Filter>Source Files</Filter>
    </ClCompile>
    <ClCompile Include="RVLMem.cpp">
      <Filter>Source Files</Filter>
    </ClCompile>
    <ClCompile Include="RVLMPtrChain.cpp">
      <Filter>Source Files</Filter>
    </ClCompile>
    <ClCompile Include="RVLMPtrChain2.cpp">
      <Filter>Source Files</Filter>
    </ClCompile>
    <ClCompile Include="RVLObject2.cpp">
      <Filter>Source Files</Filter>
    </ClCompile>
    <ClCompile Include="RVLParameterList.cpp">
      <Filter>Source Files</Filter>
    </ClCompile>
    <ClCompile Include="RVLPtrChain.cpp">
      <Filter>Source Files</Filter>
    </ClCompile>
    <ClCompile Include="RVLQListArray.cpp">
      <Filter>Source Files</Filter>
    </ClCompile>
    <ClCompile Include="RVLRelation.cpp">
      <Filter>Source Files</Filter>
    </ClCompile>
    <ClCompile Include="RVLStereoVision.cpp">
      <Filter>Source Files</Filter>
    </ClCompile>
    <ClCompile Include="RVLTimer.cpp">
      <Filter>Source Files</Filter>
    </ClCompile>
    <ClCompile Include="RVLUtil.cpp">
      <Filter>Source Files</Filter>
    </ClCompile>
    <ClCompile Include="RVLVisionSystem.cpp">
      <Filter>Source Files</Filter>
    </ClCompile>
    <ClCompile Include="RVLVTKRenderer.cpp">
      <Filter>Source Files</Filter>
    </ClCompile>
    <ClCompile Include="RVLWChain.cpp">
      <Filter>Source Files</Filter>
    </ClCompile>
    <ClCompile Include="RVLImageFilter.cpp">
      <Filter>Source Files</Filter>
    </ClCompile>
    <ClCompile Include="RVLPC.cpp">
      <Filter>Source Files</Filter>
    </ClCompile>
    <ClCompile Include="RVLRGBDTools.cpp">
      <Filter>Source Files</Filter>
    </ClCompile>
    <ClCompile Include="RVLColorDescriptor.cpp">
      <Filter>Source Files</Filter>
    </ClCompile>
    <ClCompile Include="RVLVTK.cpp">
      <Filter>Source Files</Filter>
    </ClCompile>
  </ItemGroup>
  <ItemGroup>
    <ClInclude Include="Include\Platform.h">
      <Filter>Header Files</Filter>
    </ClInclude>
    <ClInclude Include="Include\Rect.h">
      <Filter>Header Files</Filter>
    </ClInclude>
    <ClInclude Include="Include\RVL2DCellArray.h">
      <Filter>Header Files</Filter>
    </ClInclude>
    <ClInclude Include="Include\RVL2DContour.h">
      <Filter>Header Files</Filter>
    </ClInclude>
    <ClInclude Include="Include\RVL2DLine2.h">
      <Filter>Header Files</Filter>
    </ClInclude>
    <ClInclude Include="Include\RVL2DLine3.h">
      <Filter>Header Files</Filter>
    </ClInclude>
    <ClInclude Include="Include\RVL2DObject.h">
      <Filter>Header Files</Filter>
    </ClInclude>
    <ClInclude Include="Include\RVL2DPose.h">
      <Filter>Header Files</Filter>
    </ClInclude>
    <ClInclude Include="Include\RVL2DRegion2.h">
      <Filter>Header Files</Filter>
    </ClInclude>
    <ClInclude Include="Include\RVL3DContour.h">
      <Filter>Header Files</Filter>
    </ClInclude>
    <ClInclude Include="Include\RVL3DLine2.h">
      <Filter>Header Files</Filter>
    </ClInclude>
    <ClInclude Include="Include\RVL3DMeshObject.h">
      <Filter>Header Files</Filter>
    </ClInclude>
    <ClInclude Include="Include\RVL3DObject.h">
      <Filter>Header Files</Filter>
    </ClInclude>
    <ClInclude Include="Include\RVL3DPose.h">
      <Filter>Header Files</Filter>
    </ClInclude>
    <ClInclude Include="Include\RVL3DSurface2.h">
      <Filter>Header Files</Filter>
    </ClInclude>
    <ClInclude Include="Include\RVLAImage.h">
      <Filter>Header Files</Filter>
    </ClInclude>
    <ClInclude Include="Include\RVLAPix.h">
      <Filter>Header Files</Filter>
    </ClInclude>
    <ClInclude Include="Include\RVLArray.h">
      <Filter>Header Files</Filter>
    </ClInclude>
    <ClInclude Include="Include\RVLBuffer.h">
      <Filter>Header Files</Filter>
    </ClInclude>
    <ClInclude Include="Include\RVLC2D.h">
      <Filter>Header Files</Filter>
    </ClInclude>
    <ClInclude Include="Include\RVLC2DContour.h">
      <Filter>Header Files</Filter>
    </ClInclude>
    <ClInclude Include="Include\RVLCamera.h">
      <Filter>Header Files</Filter>
    </ClInclude>
    <ClInclude Include="Include\RVLChain.h">
      <Filter>Header Files</Filter>
    </ClInclude>
    <ClInclude Include="Include\RVLClass.h">
      <Filter>Header Files</Filter>
    </ClInclude>
    <ClInclude Include="Include\RVLConst.h">
      <Filter>Header Files</Filter>
    </ClInclude>
    <ClInclude Include="Include\RVLCore.h">
      <Filter>Header Files</Filter>
    </ClInclude>
    <ClInclude Include="Include\RVLCoreObjectLib.h">
      <Filter>Header Files</Filter>
    </ClInclude>
    <ClInclude Include="Include\RVLDelaunay.h">
      <Filter>Header Files</Filter>
    </ClInclude>
    <ClInclude Include="Include\RVLEDT.h">
      <Filter>Header Files</Filter>
    </ClInclude>
    <ClInclude Include="Include\RVLFigure.h">
      <Filter>Header Files</Filter>
    </ClInclude>
    <ClInclude Include="Include\RVLGUI.h">
      <Filter>Header Files</Filter>
    </ClInclude>
    <ClInclude Include="Include\RVLHistogram.h">
      <Filter>Header Files</Filter>
    </ClInclude>
    <ClInclude Include="Include\RVLKinect.h">
      <Filter>Header Files</Filter>
    </ClInclude>
    <ClInclude Include="Include\RVLMChain.h">
      <Filter>Header Files</Filter>
    </ClInclude>
    <ClInclude Include="Include\RVLMChain2.h">
      <Filter>Header Files</Filter>
    </ClInclude>
    <ClInclude Include="Include\RVLMem.h">
      <Filter>Header Files</Filter>
    </ClInclude>
    <ClInclude Include="Include\RVLMPtrChain.h">
      <Filter>Header Files</Filter>
    </ClInclude>
    <ClInclude Include="Include\RVLMPtrChain2.h">
      <Filter>Header Files</Filter>
    </ClInclude>
    <ClInclude Include="Include\RVLObject2.h">
      <Filter>Header Files</Filter>
    </ClInclude>
    <ClInclude Include="Include\RVLParameterList.h">
      <Filter>Header Files</Filter>
    </ClInclude>
    <ClInclude Include="Include\RVLPtrChain.h">
      <Filter>Header Files</Filter>
    </ClInclude>
    <ClInclude Include="Include\RVLQListArray.h">
      <Filter>Header Files</Filter>
    </ClInclude>
    <ClInclude Include="Include\RVLRelation.h">
      <Filter>Header Files</Filter>
    </ClInclude>
    <ClInclude Include="Include\RVLStereoVision.h">
      <Filter>Header Files</Filter>
    </ClInclude>
    <ClInclude Include="Include\RVLTimer.h">
      <Filter>Header Files</Filter>
    </ClInclude>
    <ClInclude Include="Include\RVLUtil.h">
      <Filter>Header Files</Filter>
    </ClInclude>
    <ClInclude Include="Include\RVLVisionSystem.h">
      <Filter>Header Files</Filter>
    </ClInclude>
    <ClInclude Include="Include\RVLVTK.h">
      <Filter>Header Files</Filter>
    </ClInclude>
    <ClInclude Include="Include\RVLVTKRenderer.h">
      <Filter>Header Files</Filter>
    </ClInclude>
    <ClInclude Include="Include\RVLWChain.h">
      <Filter>Header Files</Filter>
    </ClInclude>
    <ClInclude Include="Include\RVLImageFilter.h">
      <Filter>Header Files</Filter>
    </ClInclude>
    <ClInclude Include="Include\RVLPC.h">
      <Filter>Header Files</Filter>
    </ClInclude>
    <ClInclude Include="Include\RVLCore2.h">
      <Filter>Header Files</Filter>
    </ClInclude>
    <ClInclude Include="Include\RVL3DTools.h">
      <Filter>Header Files</Filter>
    </ClInclude>
    <ClInclude Include="Include\RVLCoreTypes.h">
      <Filter>Header Files</Filter>
    </ClInclude>
    <ClInclude Include="Include\RVLRGBDTools.h">
      <Filter>Header Files</Filter>
    </ClInclude>
    <ClInclude Include="Include\RVLPlatform.h">
      <Filter>Header Files</Filter>
    </ClInclude>
    <ClInclude Include="Include\VTKActorObj.h">
      <Filter>Header Files</Filter>
    </ClInclude>
    <ClInclude Include="Include\RVLColorDescriptor.h">
      <Filter>Header Files</Filter>
    </ClInclude>
  </ItemGroup>
  <ItemGroup>
    <Image Include="app.ico">
      <Filter>Resource Files</Filter>
    </Image>
  </ItemGroup>
  <ItemGroup>
    <ResourceCompile Include="app.rc">
      <Filter>Resource Files</Filter>
    </ResourceCompile>
  </ItemGroup>
  <ItemGroup>
    <Text Include="ReadMe.txt" />
  </ItemGroup>
</Project>